{
  "name": "caoutchouc",
  "version": "0.1.0",
  "lockfileVersion": 1,
  "requires": true,
  "dependencies": {
    "get-stdin": {
      "version": "0.1.0",
      "resolved": "https://registry.npmjs.org/get-stdin/-/get-stdin-0.1.0.tgz",
      "integrity": "sha1-WZivJKr8gC0VyCxoVlfuuLENSpE="
    },
    "pandoc-filter-promisified": {
      "version": "0.1.0",
      "resolved": "https://registry.npmjs.org/pandoc-filter-promisified/-/pandoc-filter-promisified-0.1.0.tgz",
      "integrity": "sha512-ro4wlfDqmflXfz9Ht+UrZu4jjy29H66XAVIHLt2VwWGhmBcip0lBajBtKDAd7SIrzh2WRGthKFgquDXPQ3HQvQ==",
      "requires": {
        "get-stdin": "~0.1.0"
      }
    }
  }
}
